// !$*UTF8*$!
{
	archiveVersion = 1;
	classes = {
	};
	objectVersion = 46;
	objects = {

/* Begin PBXBuildFile section */
		D573F8E41805C469001004B2 /* Foundation.framework in Frameworks */ = {isa = PBXBuildFile; fileRef = D573F8E31805C469001004B2 /* Foundation.framework */; };
		D573F8E61805C469001004B2 /* CoreGraphics.framework in Frameworks */ = {isa = PBXBuildFile; fileRef = D573F8E51805C469001004B2 /* CoreGraphics.framework */; };
		D573F8E81805C469001004B2 /* UIKit.framework in Frameworks */ = {isa = PBXBuildFile; fileRef = D573F8E71805C469001004B2 /* UIKit.framework */; };
		D573F8EE1805C469001004B2 /* InfoPlist.strings in Resources */ = {isa = PBXBuildFile; fileRef = D573F8EC1805C469001004B2 /* InfoPlist.strings */; };
		D573F8F01805C469001004B2 /* main.m in Sources */ = {isa = PBXBuildFile; fileRef = D573F8EF1805C469001004B2 /* main.m */; };
		D573F8F61805C469001004B2 /* Images.xcassets in Resources */ = {isa = PBXBuildFile; fileRef = D573F8F51805C469001004B2 /* Images.xcassets */; };
		D573F91E1805C4A5001004B2 /* CSMAppDelegate.m in Sources */ = {isa = PBXBuildFile; fileRef = D573F9181805C4A5001004B2 /* CSMAppDelegate.m */; };
		D573F91F1805C4A5001004B2 /* CSMBeaconRegion.m in Sources */ = {isa = PBXBuildFile; fileRef = D573F9191805C4A5001004B2 /* CSMBeaconRegion.m */; };
		D573F9201805C4A5001004B2 /* CSMHomeViewController.m in Sources */ = {isa = PBXBuildFile; fileRef = D573F91A1805C4A5001004B2 /* CSMHomeViewController.m */; };
		D573F9211805C4A5001004B2 /* CSMLocationManager.m in Sources */ = {isa = PBXBuildFile; fileRef = D573F91B1805C4A5001004B2 /* CSMLocationManager.m */; };
		D573F9221805C4A5001004B2 /* CSMLocationUpdateController.m in Sources */ = {isa = PBXBuildFile; fileRef = D573F91C1805C4A5001004B2 /* CSMLocationUpdateController.m */; };
		D573F9231805C4A5001004B2 /* CSMRootViewController.m in Sources */ = {isa = PBXBuildFile; fileRef = D573F91D1805C4A5001004B2 /* CSMRootViewController.m */; };
		D5A433401808415F00228EFC /* CoreLocation.framework in Frameworks */ = {isa = PBXBuildFile; fileRef = D573F927180601B1001004B2 /* CoreLocation.framework */; };
		D5A433421808417600228EFC /* CoreBluetooth.framework in Frameworks */ = {isa = PBXBuildFile; fileRef = D5A433411808417600228EFC /* CoreBluetooth.framework */; };
/* End PBXBuildFile section */

/* Begin PBXFileReference section */
		D573F8E01805C469001004B2 /* iBeaconDemo.app */ = {isa = PBXFileReference; explicitFileType = wrapper.application; includeInIndex = 0; path = iBeaconDemo.app; sourceTree = BUILT_PRODUCTS_DIR; };
		D573F8E31805C469001004B2 /* Foundation.framework */ = {isa = PBXFileReference; lastKnownFileType = wrapper.framework; name = Foundation.framework; path = System/Library/Frameworks/Foundation.framework; sourceTree = SDKROOT; };
		D573F8E51805C469001004B2 /* CoreGraphics.framework */ = {isa = PBXFileReference; lastKnownFileType = wrapper.framework; name = CoreGraphics.framework; path = System/Library/Frameworks/CoreGraphics.framework; sourceTree = SDKROOT; };
		D573F8E71805C469001004B2 /* UIKit.framework */ = {isa = PBXFileReference; lastKnownFileType = wrapper.framework; name = UIKit.framework; path = System/Library/Frameworks/UIKit.framework; sourceTree = SDKROOT; };
		D573F8EB1805C469001004B2 /* iBeaconDemo-Info.plist */ = {isa = PBXFileReference; lastKnownFileType = text.plist.xml; path = "iBeaconDemo-Info.plist"; sourceTree = "<group>"; };
		D573F8ED1805C469001004B2 /* en */ = {isa = PBXFileReference; lastKnownFileType = text.plist.strings; name = en; path = en.lproj/InfoPlist.strings; sourceTree = "<group>"; };
		D573F8EF1805C469001004B2 /* main.m */ = {isa = PBXFileReference; lastKnownFileType = sourcecode.c.objc; path = main.m; sourceTree = "<group>"; };
		D573F8F11805C469001004B2 /* iBeaconDemo-Prefix.pch */ = {isa = PBXFileReference; lastKnownFileType = sourcecode.c.h; path = "iBeaconDemo-Prefix.pch"; sourceTree = "<group>"; };
		D573F8F51805C469001004B2 /* Images.xcassets */ = {isa = PBXFileReference; lastKnownFileType = folder.assetcatalog; path = Images.xcassets; sourceTree = "<group>"; };
		D573F8FC1805C469001004B2 /* XCTest.framework */ = {isa = PBXFileReference; lastKnownFileType = wrapper.framework; name = XCTest.framework; path = Library/Frameworks/XCTest.framework; sourceTree = DEVELOPER_DIR; };
		D573F9121805C4A5001004B2 /* CSMAppDelegate.h */ = {isa = PBXFileReference; fileEncoding = 4; lastKnownFileType = sourcecode.c.h; path = CSMAppDelegate.h; sourceTree = "<group>"; };
		D573F9131805C4A5001004B2 /* CSMBeaconRegion.h */ = {isa = PBXFileReference; fileEncoding = 4; lastKnownFileType = sourcecode.c.h; path = CSMBeaconRegion.h; sourceTree = "<group>"; };
		D573F9141805C4A5001004B2 /* CSMHomeViewController.h */ = {isa = PBXFileReference; fileEncoding = 4; lastKnownFileType = sourcecode.c.h; path = CSMHomeViewController.h; sourceTree = "<group>"; };
		D573F9151805C4A5001004B2 /* CSMLocationManager.h */ = {isa = PBXFileReference; fileEncoding = 4; lastKnownFileType = sourcecode.c.h; path = CSMLocationManager.h; sourceTree = "<group>"; };
		D573F9161805C4A5001004B2 /* CSMLocationUpdateController.h */ = {isa = PBXFileReference; fileEncoding = 4; lastKnownFileType = sourcecode.c.h; path = CSMLocationUpdateController.h; sourceTree = "<group>"; };
		D573F9171805C4A5001004B2 /* CSMRootViewController.h */ = {isa = PBXFileReference; fileEncoding = 4; lastKnownFileType = sourcecode.c.h; path = CSMRootViewController.h; sourceTree = "<group>"; };
		D573F9181805C4A5001004B2 /* CSMAppDelegate.m */ = {isa = PBXFileReference; fileEncoding = 4; lastKnownFileType = sourcecode.c.objc; path = CSMAppDelegate.m; sourceTree = "<group>"; };
		D573F9191805C4A5001004B2 /* CSMBeaconRegion.m */ = {isa = PBXFileReference; fileEncoding = 4; lastKnownFileType = sourcecode.c.objc; path = CSMBeaconRegion.m; sourceTree = "<group>"; };
		D573F91A1805C4A5001004B2 /* CSMHomeViewController.m */ = {isa = PBXFileReference; fileEncoding = 4; lastKnownFileType = sourcecode.c.objc; path = CSMHomeViewController.m; sourceTree = "<group>"; };
		D573F91B1805C4A5001004B2 /* CSMLocationManager.m */ = {isa = PBXFileReference; fileEncoding = 4; lastKnownFileType = sourcecode.c.objc; path = CSMLocationManager.m; sourceTree = "<group>"; };
		D573F91C1805C4A5001004B2 /* CSMLocationUpdateController.m */ = {isa = PBXFileReference; fileEncoding = 4; lastKnownFileType = sourcecode.c.objc; path = CSMLocationUpdateController.m; sourceTree = "<group>"; };
		D573F91D1805C4A5001004B2 /* CSMRootViewController.m */ = {isa = PBXFileReference; fileEncoding = 4; lastKnownFileType = sourcecode.c.objc; path = CSMRootViewController.m; sourceTree = "<group>"; };
		D573F927180601B1001004B2 /* CoreLocation.framework */ = {isa = PBXFileReference; lastKnownFileType = wrapper.framework; name = CoreLocation.framework; path = System/Library/Frameworks/CoreLocation.framework; sourceTree = SDKROOT; };
		D5A433411808417600228EFC /* CoreBluetooth.framework */ = {isa = PBXFileReference; lastKnownFileType = wrapper.framework; name = CoreBluetooth.framework; path = System/Library/Frameworks/CoreBluetooth.framework; sourceTree = SDKROOT; };
/* End PBXFileReference section */

/* Begin PBXFrameworksBuildPhase section */
		D573F8DD1805C469001004B2 /* Frameworks */ = {
			isa = PBXFrameworksBuildPhase;
			buildActionMask = 2147483647;
			files = (
				D5A433421808417600228EFC /* CoreBluetooth.framework in Frameworks */,
				D5A433401808415F00228EFC /* CoreLocation.framework in Frameworks */,
				D573F8E61805C469001004B2 /* CoreGraphics.framework in Frameworks */,
				D573F8E81805C469001004B2 /* UIKit.framework in Frameworks */,
				D573F8E41805C469001004B2 /* Foundation.framework in Frameworks */,
			);
			runOnlyForDeploymentPostprocessing = 0;
		};
/* End PBXFrameworksBuildPhase section */

/* Begin PBXGroup section */
		D573F8D71805C469001004B2 = {
			isa = PBXGroup;
			children = (
				D573F8E91805C469001004B2 /* iBeaconDemo */,
				D573F8E21805C469001004B2 /* Frameworks */,
				D573F8E11805C469001004B2 /* Products */,
			);
			sourceTree = "<group>";
		};
		D573F8E11805C469001004B2 /* Products */ = {
			isa = PBXGroup;
			children = (
				D573F8E01805C469001004B2 /* iBeaconDemo.app */,
			);
			name = Products;
			sourceTree = "<group>";
		};
		D573F8E21805C469001004B2 /* Frameworks */ = {
			isa = PBXGroup;
			children = (
				D5A433411808417600228EFC /* CoreBluetooth.framework */,
				D573F927180601B1001004B2 /* CoreLocation.framework */,
				D573F8E31805C469001004B2 /* Foundation.framework */,
				D573F8E51805C469001004B2 /* CoreGraphics.framework */,
				D573F8E71805C469001004B2 /* UIKit.framework */,
				D573F8FC1805C469001004B2 /* XCTest.framework */,
			);
			name = Frameworks;
			sourceTree = "<group>";
		};
		D573F8E91805C469001004B2 /* iBeaconDemo */ = {
			isa = PBXGroup;
			children = (
				D573F9121805C4A5001004B2 /* CSMAppDelegate.h */,
				D573F9181805C4A5001004B2 /* CSMAppDelegate.m */,
				D573F9171805C4A5001004B2 /* CSMRootViewController.h */,
				D573F91D1805C4A5001004B2 /* CSMRootViewController.m */,
				D573F9141805C4A5001004B2 /* CSMHomeViewController.h */,
				D573F91A1805C4A5001004B2 /* CSMHomeViewController.m */,
				D573F9161805C4A5001004B2 /* CSMLocationUpdateController.h */,
				D573F91C1805C4A5001004B2 /* CSMLocationUpdateController.m */,
				D573F9151805C4A5001004B2 /* CSMLocationManager.h */,
				D573F91B1805C4A5001004B2 /* CSMLocationManager.m */,
				D573F9131805C4A5001004B2 /* CSMBeaconRegion.h */,
				D573F9191805C4A5001004B2 /* CSMBeaconRegion.m */,
				D573F8F51805C469001004B2 /* Images.xcassets */,
				D573F8EA1805C469001004B2 /* Supporting Files */,
			);
			path = iBeaconDemo;
			sourceTree = "<group>";
		};
		D573F8EA1805C469001004B2 /* Supporting Files */ = {
			isa = PBXGroup;
			children = (
				D573F8EB1805C469001004B2 /* iBeaconDemo-Info.plist */,
				D573F8EC1805C469001004B2 /* InfoPlist.strings */,
				D573F8EF1805C469001004B2 /* main.m */,
				D573F8F11805C469001004B2 /* iBeaconDemo-Prefix.pch */,
			);
			name = "Supporting Files";
			sourceTree = "<group>";
		};
/* End PBXGroup section */

/* Begin PBXNativeTarget section */
		D573F8DF1805C469001004B2 /* iBeaconDemo */ = {
			isa = PBXNativeTarget;
			buildConfigurationList = D573F90C1805C46A001004B2 /* Build configuration list for PBXNativeTarget "iBeaconDemo" */;
			buildPhases = (
				D573F8DC1805C469001004B2 /* Sources */,
				D573F8DD1805C469001004B2 /* Frameworks */,
				D573F8DE1805C469001004B2 /* Resources */,
			);
			buildRules = (
			);
			dependencies = (
			);
			name = iBeaconDemo;
			productName = iBeaconDemo;
			productReference = D573F8E01805C469001004B2 /* iBeaconDemo.app */;
			productType = "com.apple.product-type.application";
		};
/* End PBXNativeTarget section */

/* Begin PBXProject section */
		D573F8D81805C469001004B2 /* Project object */ = {
			isa = PBXProject;
			attributes = {
				CLASSPREFIX = CSM;
				LastUpgradeCheck = 0500;
				ORGANIZATIONNAME = "Christopher Mann";
			};
			buildConfigurationList = D573F8DB1805C469001004B2 /* Build configuration list for PBXProject "iBeaconDemo" */;
			compatibilityVersion = "Xcode 3.2";
			developmentRegion = English;
			hasScannedForEncodings = 0;
			knownRegions = (
				en,
			);
			mainGroup = D573F8D71805C469001004B2;
			productRefGroup = D573F8E11805C469001004B2 /* Products */;
			projectDirPath = "";
			projectRoot = "";
			targets = (
				D573F8DF1805C469001004B2 /* iBeaconDemo */,
			);
		};
/* End PBXProject section */

/* Begin PBXResourcesBuildPhase section */
		D573F8DE1805C469001004B2 /* Resources */ = {
			isa = PBXResourcesBuildPhase;
			buildActionMask = 2147483647;
			files = (
				D573F8EE1805C469001004B2 /* InfoPlist.strings in Resources */,
				D573F8F61805C469001004B2 /* Images.xcassets in Resources */,
			);
			runOnlyForDeploymentPostprocessing = 0;
		};
/* End PBXResourcesBuildPhase section */

/* Begin PBXSourcesBuildPhase section */
		D573F8DC1805C469001004B2 /* Sources */ = {
			isa = PBXSourcesBuildPhase;
			buildActionMask = 2147483647;
			files = (
				D573F91E1805C4A5001004B2 /* CSMAppDelegate.m in Sources */,
				D573F9201805C4A5001004B2 /* CSMHomeViewController.m in Sources */,
				D573F8F01805C469001004B2 /* main.m in Sources */,
				D573F9221805C4A5001004B2 /* CSMLocationUpdateController.m in Sources */,
				D573F91F1805C4A5001004B2 /* CSMBeaconRegion.m in Sources */,
				D573F9211805C4A5001004B2 /* CSMLocationManager.m in Sources */,
				D573F9231805C4A5001004B2 /* CSMRootViewController.m in Sources */,
			);
			runOnlyForDeploymentPostprocessing = 0;
		};
/* End PBXSourcesBuildPhase section */

/* Begin PBXVariantGroup section */
		D573F8EC1805C469001004B2 /* InfoPlist.strings */ = {
			isa = PBXVariantGroup;
			children = (
				D573F8ED1805C469001004B2 /* en */,
			);
			name = InfoPlist.strings;
			sourceTree = "<group>";
		};
/* End PBXVariantGroup section */

/* Begin XCBuildConfiguration section */
		D573F90A1805C46A001004B2 /* Debug */ = {
			isa = XCBuildConfiguration;
			buildSettings = {
				ALWAYS_SEARCH_USER_PATHS = NO;
				ARCHS = "$(ARCHS_STANDARD_INCLUDING_64_BIT)";
				CLANG_CXX_LANGUAGE_STANDARD = "gnu++0x";
				CLANG_CXX_LIBRARY = "libc++";
				CLANG_ENABLE_MODULES = YES;
				CLANG_ENABLE_OBJC_ARC = YES;
				CLANG_WARN_BOOL_CONVERSION = YES;
				CLANG_WARN_CONSTANT_CONVERSION = YES;
				CLANG_WARN_DIRECT_OBJC_ISA_USAGE = YES_ERROR;
				CLANG_WARN_EMPTY_BODY = YES;
				CLANG_WARN_ENUM_CONVERSION = YES;
				CLANG_WARN_INT_CONVERSION = YES;
				CLANG_WARN_OBJC_ROOT_CLASS = YES_ERROR;
				CLANG_WARN__DUPLICATE_METHOD_MATCH = YES;
				"CODE_SIGN_IDENTITY[sdk=iphoneos*]" = "iPhone Developer";
				COPY_PHASE_STRIP = NO;
				GCC_C_LANGUAGE_STANDARD = gnu99;
				GCC_DYNAMIC_NO_PIC = NO;
				GCC_OPTIMIZATION_LEVEL = 0;
				GCC_PREPROCESSOR_DEFINITIONS = (
					"DEBUG=1",
					"$(inherited)",
				);
				GCC_SYMBOLS_PRIVATE_EXTERN = NO;
				GCC_WARN_64_TO_32_BIT_CONVERSION = YES;
				GCC_WARN_ABOUT_RETURN_TYPE = YES_ERROR;
				GCC_WARN_UNDECLARED_SELECTOR = YES;
				GCC_WARN_UNINITIALIZED_AUTOS = YES;
				GCC_WARN_UNUSED_FUNCTION = YES;
				GCC_WARN_UNUSED_VARIABLE = YES;
				IPHONEOS_DEPLOYMENT_TARGET = 7.0;
				ONLY_ACTIVE_ARCH = YES;
				SDKROOT = iphoneos;
				TARGETED_DEVICE_FAMILY = "1,2";
			};
			name = Debug;
		};
		D573F90B1805C46A001004B2 /* Release */ = {
			isa = XCBuildConfiguration;
			buildSettings = {
				ALWAYS_SEARCH_USER_PATHS = NO;
				ARCHS = "$(ARCHS_STANDARD_INCLUDING_64_BIT)";
				CLANG_CXX_LANGUAGE_STANDARD = "gnu++0x";
				CLANG_CXX_LIBRARY = "libc++";
				CLANG_ENABLE_MODULES = YES;
				CLANG_ENABLE_OBJC_ARC = YES;
				CLANG_WARN_BOOL_CONVERSION = YES;
				CLANG_WARN_CONSTANT_CONVERSION = YES;
				CLANG_WARN_DIRECT_OBJC_ISA_USAGE = YES_ERROR;
				CLANG_WARN_EMPTY_BODY = YES;
				CLANG_WARN_ENUM_CONVERSION = YES;
				CLANG_WARN_INT_CONVERSION = YES;
				CLANG_WARN_OBJC_ROOT_CLASS = YES_ERROR;
				CLANG_WARN__DUPLICATE_METHOD_MATCH = YES;
				"CODE_SIGN_IDENTITY[sdk=iphoneos*]" = "iPhone Developer";
				COPY_PHASE_STRIP = YES;
				ENABLE_NS_ASSERTIONS = NO;
				GCC_C_LANGUAGE_STANDARD = gnu99;
				GCC_WARN_64_TO_32_BIT_CONVERSION = YES;
				GCC_WARN_ABOUT_RETURN_TYPE = YES_ERROR;
				GCC_WARN_UNDECLARED_SELECTOR = YES;
				GCC_WARN_UNINITIALIZED_AUTOS = YES;
				GCC_WARN_UNUSED_FUNCTION = YES;
				GCC_WARN_UNUSED_VARIABLE = YES;
				IPHONEOS_DEPLOYMENT_TARGET = 7.0;
				SDKROOT = iphoneos;
				TARGETED_DEVICE_FAMILY = "1,2";
				VALIDATE_PRODUCT = YES;
			};
			name = Release;
		};
		D573F90D1805C46A001004B2 /* Debug */ = {
			isa = XCBuildConfiguration;
			buildSettings = {
				ASSETCATALOG_COMPILER_APPICON_NAME = AppIcon;
				ASSETCATALOG_COMPILER_LAUNCHIMAGE_NAME = LaunchImage;
				GCC_PRECOMPILE_PREFIX_HEADER = YES;
				GCC_PREFIX_HEADER = "iBeaconDemo/iBeaconDemo-Prefix.pch";
				INFOPLIST_FILE = "iBeaconDemo/iBeaconDemo-Info.plist";
				PRODUCT_NAME = "$(TARGET_NAME)";
				WRAPPER_EXTENSION = app;
			};
			name = Debug;
		};
		D573F90E1805C46A001004B2 /* Release */ = {
			isa = XCBuildConfiguration;
			buildSettings = {
				ASSETCATALOG_COMPILER_APPICON_NAME = AppIcon;
				ASSETCATALOG_COMPILER_LAUNCHIMAGE_NAME = LaunchImage;
				GCC_PRECOMPILE_PREFIX_HEADER = YES;
				GCC_PREFIX_HEADER = "iBeaconDemo/iBeaconDemo-Prefix.pch";
				INFOPLIST_FILE = "iBeaconDemo/iBeaconDemo-Info.plist";
				PRODUCT_NAME = "$(TARGET_NAME)";
				WRAPPER_EXTENSION = app;
			};
			name = Release;
		};
/* End XCBuildConfiguration section */

/* Begin XCConfigurationList section */
		D573F8DB1805C469001004B2 /* Build configuration list for PBXProject "iBeaconDemo" */ = {
			isa = XCConfigurationList;
			buildConfigurations = (
				D573F90A1805C46A001004B2 /* Debug */,
				D573F90B1805C46A001004B2 /* Release */,
			);
			defaultConfigurationIsVisible = 0;
			defaultConfigurationName = Release;
		};
		D573F90C1805C46A001004B2 /* Build configuration list for PBXNativeTarget "iBeaconDemo" */ = {
			isa = XCConfigurationList;
			buildConfigurations = (
				D573F90D1805C46A001004B2 /* Debug */,
				D573F90E1805C46A001004B2 /* Release */,
			);
			defaultConfigurationIsVisible = 0;
			defaultConfigurationName = Release;
		};
/* End XCConfigurationList section */
	};
	rootObject = D573F8D81805C469001004B2 /* Project object */;
}
